
Microsoft Visual Studio Solution File, Format Version 12.00
# Visual Studio Version 17
VisualStudioVersion = 17.5.33530.505
MinimumVisualStudioVersion = 10.0.40219.1
Project("{FAE04EC0-301F-11D3-BF4B-00C04F79EFBC}") = "book-case-project", "book-case-project\book-case-project.csproj", "{56CAAC01-E367-4FF7-97D4-405D10DEC03A}"
EndProject
Global
	GlobalSection(SolutionConfigurationPlatforms) = preSolution
		Debug|Any CPU = Debug|Any CPU
		Release|Any CPU = Release|Any CPU
	EndGlobalSection
	GlobalSection(ProjectConfigurationPlatforms) = postSolution
		{56CAAC01-E367-4FF7-97D4-405D10DEC03A}.Debug|Any CPU.ActiveCfg = Debug|Any CPU
		{56CAAC01-E367-4FF7-97D4-405D10DEC03A}.Debug|Any CPU.Build.0 = Debug|Any CPU
		{56CAAC01-E367-4FF7-97D4-405D10DEC03A}.Release|Any CPU.ActiveCfg = Release|Any CPU
		{56CAAC01-E367-4FF7-97D4-405D10DEC03A}.Release|Any CPU.Build.0 = Release|Any CPU
	EndGlobalSection
	GlobalSection(SolutionProperties) = preSolution
		HideSolutionNode = FALSE
	EndGlobalSection
	GlobalSection(ExtensibilityGlobals) = postSolution
		SolutionGuid = {50DD9706-8F50-4C3E-8223-A31E1312643F}
	EndGlobalSection
EndGlobal
